
Microsoft Visual Studio Solution File, Format Version 12.00
# Visual Studio Version 16
VisualStudioVersion = 16.0.30503.244
MinimumVisualStudioVersion = 10.0.40219.1
Project("{FAE04EC0-301F-11D3-BF4B-00C04F79EFBC}") = "4 (Логинов В.О.)", "4 (Логинов В.О.)\4 (Логинов В.О.).csproj", "{5C4C1DF0-1FE2-43E7-BC8A-7BC07DB2CC71}"
EndProject
Global
	GlobalSection(SolutionConfigurationPlatforms) = preSolution
		Debug|Any CPU = Debug|Any CPU
		Release|Any CPU = Release|Any CPU
	EndGlobalSection
	GlobalSection(ProjectConfigurationPlatforms) = postSolution
		{5C4C1DF0-1FE2-43E7-BC8A-7BC07DB2CC71}.Debug|Any CPU.ActiveCfg = Debug|Any CPU
		{5C4C1DF0-1FE2-43E7-BC8A-7BC07DB2CC71}.Debug|Any CPU.Build.0 = Debug|Any CPU
		{5C4C1DF0-1FE2-43E7-BC8A-7BC07DB2CC71}.Release|Any CPU.ActiveCfg = Release|Any CPU
		{5C4C1DF0-1FE2-43E7-BC8A-7BC07DB2CC71}.Release|Any CPU.Build.0 = Release|Any CPU
	EndGlobalSection
	GlobalSection(SolutionProperties) = preSolution
		HideSolutionNode = FALSE
	EndGlobalSection
	GlobalSection(ExtensibilityGlobals) = postSolution
		SolutionGuid = {A3368F59-5548-4171-BFF2-F2912749F386}
	EndGlobalSection
EndGlobal
